// !$*UTF8*$!
{
	archiveVersion = 1;
	classes = {
	};
	objectVersion = 77;
	objects = {

/* Begin PBXBuildFile section */
		0438CB241887181BECA262AB /* Assets.xcassets in Resources */ = {isa = PBXBuildFile; fileRef = 9664B56C0A1C2B1F196A0B15 /* Assets.xcassets */; };
		10206C16DD681B5A8E7FE82B /* ScriptRunnerLabHelper.app in Embed Dependencies */ = {isa = PBXBuildFile; fileRef = 35EA2D0810EAD34EAC0900A4 /* ScriptRunnerLabHelper.app */; settings = {ATTRIBUTES = (CodeSignOnCopy, RemoveHeadersOnCopy, ); }; };
		18381E785784C11F4EDFE3A1 /* ContentView.swift in Sources */ = {isa = PBXBuildFile; fileRef = DB7A7D99BAE4E6A1FAC18C47 /* ContentView.swift */; };
		50A1B2C3D4E5F60718293A4B /* ExecuteScriptsCommand.swift in Sources */ = {isa = PBXBuildFile; fileRef = 60A1B2C3D4E5F60718293A4B /* ExecuteScriptsCommand.swift */; };
		70A1B2C3D4E5F60718293A4B /* ScriptDirectoryExecution.swift in Sources */ = {isa = PBXBuildFile; fileRef = 80A1B2C3D4E5F60718293A4B /* ScriptDirectoryExecution.swift */; };
		90A1B2C3D4E5F60718293A4B /* ScriptRunnerLab.sdef in Resources */ = {isa = PBXBuildFile; fileRef = A0A1B2C3D4E5F60718293A4B /* ScriptRunnerLab.sdef */; };
		19D2A4B6C8E0F123456789AB /* CompatibilityTestDefinition.swift in Sources */ = {isa = PBXBuildFile; fileRef = 29D2A4B6C8E0F123456789AB /* CompatibilityTestDefinition.swift */; };
		39D2A4B6C8E0F123456789AB /* CompatibilityTestResult.swift in Sources */ = {isa = PBXBuildFile; fileRef = 49D2A4B6C8E0F123456789AB /* CompatibilityTestResult.swift */; };
		1A8791E12E91631A260A8021 /* ScriptFolderEntry.swift in Sources */ = {isa = PBXBuildFile; fileRef = 61EB287F796B267C655981E4 /* ScriptFolderEntry.swift */; };
		21F99F1F1BE516EA48BF0537 /* ScriptCapability.swift in Sources */ = {isa = PBXBuildFile; fileRef = 82B8A2B331001533CE2253A4 /* ScriptCapability.swift */; };
		4B5882D7CE9B36CC6F83959B /* ScriptExecutionStatus+View.swift in Sources */ = {isa = PBXBuildFile; fileRef = 4E40851872F8043D76B08A25 /* ScriptExecutionStatus+View.swift */; };
		4C6334100253168984362246 /* ExecutionTimeout.swift in Sources */ = {isa = PBXBuildFile; fileRef = DBE21D04B32A3E630493A41D /* ExecutionTimeout.swift */; };
		56707130C28292685C324CE8 /* FavoriteScript.swift in Sources */ = {isa = PBXBuildFile; fileRef = 4EF4E1F946347F7F3AFC0111 /* FavoriteScript.swift */; };
		7B86FBDBC2C13009542DD7FE /* HelperProcessRunner.swift in Sources */ = {isa = PBXBuildFile; fileRef = 7BB98BE1F79203E34E06E636 /* HelperProcessRunner.swift */; };
		887A8C0A521342EAA554A6D6 /* ResultDisplayMode.swift in Sources */ = {isa = PBXBuildFile; fileRef = BA163970E14E4A624C227159 /* ResultDisplayMode.swift */; };
		8C68FD1244CD0709C967CF48 /* ScriptRunnerHelperMain.swift in Sources */ = {isa = PBXBuildFile; fileRef = A6F1D0E9C86CC4A2064F1A2E /* ScriptRunnerHelperMain.swift */; };
		ADBF49974545A76BECCC0A1B /* ScriptRunnerKit in Frameworks */ = {isa = PBXBuildFile; productRef = 599D69C9166FBAAA84D4B70E /* ScriptRunnerKit */; };
		D294291E7A443CC463A87840 /* ScriptRunnerKit in Frameworks */ = {isa = PBXBuildFile; productRef = BF48A79C10198CEC6172A061 /* ScriptRunnerKit */; };
		D6BEB20FEC93477D8437C5ED /* App.swift in Sources */ = {isa = PBXBuildFile; fileRef = C14E697A9096430638B55B0E /* App.swift */; };
		E3912497A81018AF5545EE74 /* ScriptRunnerModel.swift in Sources */ = {isa = PBXBuildFile; fileRef = B91515B6EE107BEFF844756D /* ScriptRunnerModel.swift */; };
		F66C2E5021BB52D47162FF21 /* CompatibilityTests in Resources */ = {isa = PBXBuildFile; fileRef = 3144B5032362981D67B15EC7 /* CompatibilityTests */; };
/* End PBXBuildFile section */

/* Begin PBXContainerItemProxy section */
		FE60437A48A2586DC2246763 /* PBXContainerItemProxy */ = {
			isa = PBXContainerItemProxy;
			containerPortal = 623B72496C9862FD351FACB8 /* Project object */;
			proxyType = 1;
			remoteGlobalIDString = 5305F8232F127974CD351BC3;
			remoteInfo = ScriptRunnerLabHelper;
		};
/* End PBXContainerItemProxy section */

/* Begin PBXCopyFilesBuildPhase section */
		F4AECD9B82692C43E8A49C55 /* Embed Dependencies */ = {
			isa = PBXCopyFilesBuildPhase;
			buildActionMask = 2147483647;
			dstPath = Contents/Helpers;
			dstSubfolderSpec = 1;
			files = (
				10206C16DD681B5A8E7FE82B /* ScriptRunnerLabHelper.app in Embed Dependencies */,
			);
			name = "Embed Dependencies";
			runOnlyForDeploymentPostprocessing = 0;
		};
/* End PBXCopyFilesBuildPhase section */

/* Begin PBXFileReference section */
		1C4F1EFED1B8439F5BF6C410 /* Info.plist */ = {isa = PBXFileReference; lastKnownFileType = text.plist; path = Info.plist; sourceTree = "<group>"; };
		29D2A4B6C8E0F123456789AB /* CompatibilityTestDefinition.swift */ = {isa = PBXFileReference; lastKnownFileType = sourcecode.swift; path = CompatibilityTestDefinition.swift; sourceTree = "<group>"; };
		3144B5032362981D67B15EC7 /* CompatibilityTests */ = {isa = PBXFileReference; lastKnownFileType = folder; path = CompatibilityTests; sourceTree = "<group>"; };
		35EA2D0810EAD34EAC0900A4 /* ScriptRunnerLabHelper.app */ = {isa = PBXFileReference; explicitFileType = wrapper.application; includeInIndex = 0; path = ScriptRunnerLabHelper.app; sourceTree = BUILT_PRODUCTS_DIR; };
		4E40851872F8043D76B08A25 /* ScriptExecutionStatus+View.swift */ = {isa = PBXFileReference; lastKnownFileType = sourcecode.swift; path = "ScriptExecutionStatus+View.swift"; sourceTree = "<group>"; };
		49D2A4B6C8E0F123456789AB /* CompatibilityTestResult.swift */ = {isa = PBXFileReference; lastKnownFileType = sourcecode.swift; path = CompatibilityTestResult.swift; sourceTree = "<group>"; };
		4EF4E1F946347F7F3AFC0111 /* FavoriteScript.swift */ = {isa = PBXFileReference; lastKnownFileType = sourcecode.swift; path = FavoriteScript.swift; sourceTree = "<group>"; };
		59A72D43105B7B429571C920 /* Info.plist */ = {isa = PBXFileReference; lastKnownFileType = text.plist; path = Info.plist; sourceTree = "<group>"; };
		60A1B2C3D4E5F60718293A4B /* ExecuteScriptsCommand.swift */ = {isa = PBXFileReference; lastKnownFileType = sourcecode.swift; path = ExecuteScriptsCommand.swift; sourceTree = "<group>"; };
		61EB287F796B267C655981E4 /* ScriptFolderEntry.swift */ = {isa = PBXFileReference; lastKnownFileType = sourcecode.swift; path = ScriptFolderEntry.swift; sourceTree = "<group>"; };
		7BB98BE1F79203E34E06E636 /* HelperProcessRunner.swift */ = {isa = PBXFileReference; lastKnownFileType = sourcecode.swift; path = HelperProcessRunner.swift; sourceTree = "<group>"; };
		7BC991C8ACD03D67F9AE2A08 /* ScriptRunnerKit */ = {isa = PBXFileReference; lastKnownFileType = folder; name = ScriptRunnerKit; path = Packages/ScriptRunnerKit; sourceTree = SOURCE_ROOT; };
		82B8A2B331001533CE2253A4 /* ScriptCapability.swift */ = {isa = PBXFileReference; lastKnownFileType = sourcecode.swift; path = ScriptCapability.swift; sourceTree = "<group>"; };
		80A1B2C3D4E5F60718293A4B /* ScriptDirectoryExecution.swift */ = {isa = PBXFileReference; lastKnownFileType = sourcecode.swift; path = ScriptDirectoryExecution.swift; sourceTree = "<group>"; };
		9664B56C0A1C2B1F196A0B15 /* Assets.xcassets */ = {isa = PBXFileReference; lastKnownFileType = folder.assetcatalog; path = Assets.xcassets; sourceTree = "<group>"; };
		A6F1D0E9C86CC4A2064F1A2E /* ScriptRunnerHelperMain.swift */ = {isa = PBXFileReference; lastKnownFileType = sourcecode.swift; path = ScriptRunnerHelperMain.swift; sourceTree = "<group>"; };
		A0A1B2C3D4E5F60718293A4B /* ScriptRunnerLab.sdef */ = {isa = PBXFileReference; lastKnownFileType = text.xml; path = ScriptRunnerLab.sdef; sourceTree = "<group>"; };
		B91515B6EE107BEFF844756D /* ScriptRunnerModel.swift */ = {isa = PBXFileReference; lastKnownFileType = sourcecode.swift; path = ScriptRunnerModel.swift; sourceTree = "<group>"; };
		BA163970E14E4A624C227159 /* ResultDisplayMode.swift */ = {isa = PBXFileReference; lastKnownFileType = sourcecode.swift; path = ResultDisplayMode.swift; sourceTree = "<group>"; };
		C14E697A9096430638B55B0E /* App.swift */ = {isa = PBXFileReference; lastKnownFileType = sourcecode.swift; path = App.swift; sourceTree = "<group>"; };
		CD4D4DED73C1163796B6EABA /* ScriptRunnerLab.app */ = {isa = PBXFileReference; explicitFileType = wrapper.application; includeInIndex = 0; path = ScriptRunnerLab.app; sourceTree = BUILT_PRODUCTS_DIR; };
		DB7A7D99BAE4E6A1FAC18C47 /* ContentView.swift */ = {isa = PBXFileReference; lastKnownFileType = sourcecode.swift; path = ContentView.swift; sourceTree = "<group>"; };
		DBE21D04B32A3E630493A41D /* ExecutionTimeout.swift */ = {isa = PBXFileReference; lastKnownFileType = sourcecode.swift; path = ExecutionTimeout.swift; sourceTree = "<group>"; };
/* End PBXFileReference section */

/* Begin PBXFrameworksBuildPhase section */
		BD1187B31833FFBD07AF5DD2 /* Frameworks */ = {
			isa = PBXFrameworksBuildPhase;
			buildActionMask = 2147483647;
			files = (
				D294291E7A443CC463A87840 /* ScriptRunnerKit in Frameworks */,
			);
			runOnlyForDeploymentPostprocessing = 0;
		};
		F39FB4C0D32A7A28AF15DDC6 /* Frameworks */ = {
			isa = PBXFrameworksBuildPhase;
			buildActionMask = 2147483647;
			files = (
				ADBF49974545A76BECCC0A1B /* ScriptRunnerKit in Frameworks */,
			);
			runOnlyForDeploymentPostprocessing = 0;
		};
/* End PBXFrameworksBuildPhase section */

/* Begin PBXGroup section */
		1786E8E4DC3D9548BC47FEFD /* Helper */ = {
			isa = PBXGroup;
			children = (
				1C4F1EFED1B8439F5BF6C410 /* Info.plist */,
				A6F1D0E9C86CC4A2064F1A2E /* ScriptRunnerHelperMain.swift */,
			);
			path = Helper;
			sourceTree = "<group>";
		};
		24CEAC5E4604A4C669D6CE5F /* Products */ = {
			isa = PBXGroup;
			children = (
				CD4D4DED73C1163796B6EABA /* ScriptRunnerLab.app */,
				35EA2D0810EAD34EAC0900A4 /* ScriptRunnerLabHelper.app */,
			);
			name = Products;
			sourceTree = "<group>";
		};
		507388474EA53CD97E1B8076 /* App */ = {
			isa = PBXGroup;
			children = (
				C14E697A9096430638B55B0E /* App.swift */,
				9664B56C0A1C2B1F196A0B15 /* Assets.xcassets */,
				29D2A4B6C8E0F123456789AB /* CompatibilityTestDefinition.swift */,
				49D2A4B6C8E0F123456789AB /* CompatibilityTestResult.swift */,
				DB7A7D99BAE4E6A1FAC18C47 /* ContentView.swift */,
				DBE21D04B32A3E630493A41D /* ExecutionTimeout.swift */,
				60A1B2C3D4E5F60718293A4B /* ExecuteScriptsCommand.swift */,
				4EF4E1F946347F7F3AFC0111 /* FavoriteScript.swift */,
				7BB98BE1F79203E34E06E636 /* HelperProcessRunner.swift */,
				59A72D43105B7B429571C920 /* Info.plist */,
				BA163970E14E4A624C227159 /* ResultDisplayMode.swift */,
				82B8A2B331001533CE2253A4 /* ScriptCapability.swift */,
				80A1B2C3D4E5F60718293A4B /* ScriptDirectoryExecution.swift */,
				61EB287F796B267C655981E4 /* ScriptFolderEntry.swift */,
				4E40851872F8043D76B08A25 /* ScriptExecutionStatus+View.swift */,
				B91515B6EE107BEFF844756D /* ScriptRunnerModel.swift */,
				A0A1B2C3D4E5F60718293A4B /* ScriptRunnerLab.sdef */,
			);
			path = App;
			sourceTree = "<group>";
		};
		833DCEE2B442081738CDBE9A = {
			isa = PBXGroup;
			children = (
				507388474EA53CD97E1B8076 /* App */,
				3144B5032362981D67B15EC7 /* CompatibilityTests */,
				1786E8E4DC3D9548BC47FEFD /* Helper */,
				89BB753A02D3C0E3CCDFA9B4 /* Packages */,
				24CEAC5E4604A4C669D6CE5F /* Products */,
			);
			sourceTree = "<group>";
		};
		89BB753A02D3C0E3CCDFA9B4 /* Packages */ = {
			isa = PBXGroup;
			children = (
				7BC991C8ACD03D67F9AE2A08 /* ScriptRunnerKit */,
			);
			path = Packages;
			sourceTree = "<group>";
		};
/* End PBXGroup section */

/* Begin PBXNativeTarget section */
		5305F8232F127974CD351BC3 /* ScriptRunnerLabHelper */ = {
			isa = PBXNativeTarget;
			buildConfigurationList = 07FA72AAD2C8B05ECA2CE424 /* Build configuration list for PBXNativeTarget "ScriptRunnerLabHelper" */;
			buildPhases = (
				7E3FFDFEFD5C0C9EEC8AACD9 /* Sources */,
				F39FB4C0D32A7A28AF15DDC6 /* Frameworks */,
			);
			buildRules = (
			);
			dependencies = (
			);
			name = ScriptRunnerLabHelper;
			packageProductDependencies = (
				599D69C9166FBAAA84D4B70E /* ScriptRunnerKit */,
			);
			productName = ScriptRunnerLabHelper;
			productReference = 35EA2D0810EAD34EAC0900A4 /* ScriptRunnerLabHelper.app */;
			productType = "com.apple.product-type.application";
		};
		99523F440D68777127055D8D /* ScriptRunnerLab */ = {
			isa = PBXNativeTarget;
			buildConfigurationList = D7D8DA8CE4AD6C817761E8CC /* Build configuration list for PBXNativeTarget "ScriptRunnerLab" */;
			buildPhases = (
				732DCB81FFE8840A0F1CCFF8 /* Sources */,
				3291B76C1EA31108F465BD1D /* Resources */,
				BD1187B31833FFBD07AF5DD2 /* Frameworks */,
				F4AECD9B82692C43E8A49C55 /* Embed Dependencies */,
			);
			buildRules = (
			);
			dependencies = (
				4980FCDE15DA4F5C0475EB96 /* PBXTargetDependency */,
			);
			name = ScriptRunnerLab;
			packageProductDependencies = (
				BF48A79C10198CEC6172A061 /* ScriptRunnerKit */,
			);
			productName = ScriptRunnerLab;
			productReference = CD4D4DED73C1163796B6EABA /* ScriptRunnerLab.app */;
			productType = "com.apple.product-type.application";
		};
/* End PBXNativeTarget section */

/* Begin PBXProject section */
		623B72496C9862FD351FACB8 /* Project object */ = {
			isa = PBXProject;
			attributes = {
				BuildIndependentTargetsInParallel = YES;
				LastUpgradeCheck = 1430;
				TargetAttributes = {
				};
			};
			buildConfigurationList = 8510E7EF9823674DEE489AD0 /* Build configuration list for PBXProject "ScriptRunnerLab" */;
			developmentRegion = en;
			hasScannedForEncodings = 0;
			knownRegions = (
				Base,
				en,
			);
			mainGroup = 833DCEE2B442081738CDBE9A;
			minimizedProjectReferenceProxies = 1;
			packageReferences = (
				29B8F786F0A43EAC6055E03B /* XCLocalSwiftPackageReference "Packages/ScriptRunnerKit" */,
			);
			preferredProjectObjectVersion = 77;
			productRefGroup = 24CEAC5E4604A4C669D6CE5F /* Products */;
			projectDirPath = "";
			projectRoot = "";
			targets = (
				99523F440D68777127055D8D /* ScriptRunnerLab */,
				5305F8232F127974CD351BC3 /* ScriptRunnerLabHelper */,
			);
		};
/* End PBXProject section */

/* Begin PBXResourcesBuildPhase section */
		3291B76C1EA31108F465BD1D /* Resources */ = {
			isa = PBXResourcesBuildPhase;
			buildActionMask = 2147483647;
			files = (
				0438CB241887181BECA262AB /* Assets.xcassets in Resources */,
				F66C2E5021BB52D47162FF21 /* CompatibilityTests in Resources */,
				90A1B2C3D4E5F60718293A4B /* ScriptRunnerLab.sdef in Resources */,
			);
			runOnlyForDeploymentPostprocessing = 0;
		};
/* End PBXResourcesBuildPhase section */

/* Begin PBXSourcesBuildPhase section */
		732DCB81FFE8840A0F1CCFF8 /* Sources */ = {
			isa = PBXSourcesBuildPhase;
			buildActionMask = 2147483647;
			files = (
				D6BEB20FEC93477D8437C5ED /* App.swift in Sources */,
				19D2A4B6C8E0F123456789AB /* CompatibilityTestDefinition.swift in Sources */,
				39D2A4B6C8E0F123456789AB /* CompatibilityTestResult.swift in Sources */,
				18381E785784C11F4EDFE3A1 /* ContentView.swift in Sources */,
				4C6334100253168984362246 /* ExecutionTimeout.swift in Sources */,
				50A1B2C3D4E5F60718293A4B /* ExecuteScriptsCommand.swift in Sources */,
				56707130C28292685C324CE8 /* FavoriteScript.swift in Sources */,
				7B86FBDBC2C13009542DD7FE /* HelperProcessRunner.swift in Sources */,
				887A8C0A521342EAA554A6D6 /* ResultDisplayMode.swift in Sources */,
				21F99F1F1BE516EA48BF0537 /* ScriptCapability.swift in Sources */,
				70A1B2C3D4E5F60718293A4B /* ScriptDirectoryExecution.swift in Sources */,
				1A8791E12E91631A260A8021 /* ScriptFolderEntry.swift in Sources */,
				4B5882D7CE9B36CC6F83959B /* ScriptExecutionStatus+View.swift in Sources */,
				E3912497A81018AF5545EE74 /* ScriptRunnerModel.swift in Sources */,
			);
			runOnlyForDeploymentPostprocessing = 0;
		};
		7E3FFDFEFD5C0C9EEC8AACD9 /* Sources */ = {
			isa = PBXSourcesBuildPhase;
			buildActionMask = 2147483647;
			files = (
				8C68FD1244CD0709C967CF48 /* ScriptRunnerHelperMain.swift in Sources */,
			);
			runOnlyForDeploymentPostprocessing = 0;
		};
/* End PBXSourcesBuildPhase section */

/* Begin PBXTargetDependency section */
		4980FCDE15DA4F5C0475EB96 /* PBXTargetDependency */ = {
			isa = PBXTargetDependency;
			target = 5305F8232F127974CD351BC3 /* ScriptRunnerLabHelper */;
			targetProxy = FE60437A48A2586DC2246763 /* PBXContainerItemProxy */;
		};
/* End PBXTargetDependency section */

/* Begin XCBuildConfiguration section */
		A5B14DBF9A96890C694FCD02 /* Release */ = {
			isa = XCBuildConfiguration;
			buildSettings = {
				ASSETCATALOG_COMPILER_APPICON_NAME = AppIcon;
				COMBINE_HIDPI_IMAGES = YES;
				CURRENT_PROJECT_VERSION = 18;
				INFOPLIST_FILE = Helper/Info.plist;
				LD_RUNPATH_SEARCH_PATHS = (
					"$(inherited)",
					"@executable_path/../Frameworks",
				);
				MARKETING_VERSION = 1.0;
				PRODUCT_BUNDLE_IDENTIFIER = org.scriptrunnerlab.helper;
				PRODUCT_NAME = ScriptRunnerHelper;
				SDKROOT = macosx;
				SKIP_INSTALL = YES;
				SWIFT_VERSION = 5.0;
			};
			name = Release;
		};
		B21D26AA56E8B9D9AA6A5611 /* Debug */ = {
			isa = XCBuildConfiguration;
			buildSettings = {
				ASSETCATALOG_COMPILER_APPICON_NAME = AppIcon;
				ASSETCATALOG_COMPILER_GLOBAL_ACCENT_COLOR_NAME = AccentColor;
				COMBINE_HIDPI_IMAGES = YES;
				CURRENT_PROJECT_VERSION = 18;
				INFOPLIST_FILE = App/Info.plist;
				LD_RUNPATH_SEARCH_PATHS = (
					"$(inherited)",
					"@executable_path/../Frameworks",
				);
				MARKETING_VERSION = 1.0;
				PRODUCT_BUNDLE_IDENTIFIER = org.scriptrunnerlab.app;
				PRODUCT_NAME = "$(TARGET_NAME)";
				SDKROOT = macosx;
				SWIFT_VERSION = 5.0;
			};
			name = Debug;
		};
		B2FC5693AC5F6A249CCB0540 /* Debug */ = {
			isa = XCBuildConfiguration;
			buildSettings = {
				ASSETCATALOG_COMPILER_APPICON_NAME = AppIcon;
				COMBINE_HIDPI_IMAGES = YES;
				CURRENT_PROJECT_VERSION = 18;
				INFOPLIST_FILE = Helper/Info.plist;
				LD_RUNPATH_SEARCH_PATHS = (
					"$(inherited)",
					"@executable_path/../Frameworks",
				);
				MARKETING_VERSION = 1.0;
				PRODUCT_BUNDLE_IDENTIFIER = org.scriptrunnerlab.helper;
				PRODUCT_NAME = ScriptRunnerHelper;
				SDKROOT = macosx;
				SKIP_INSTALL = YES;
				SWIFT_VERSION = 5.0;
			};
			name = Debug;
		};
		C15B742A0A6F232F123C3A5B /* Release */ = {
			isa = XCBuildConfiguration;
			buildSettings = {
				ASSETCATALOG_COMPILER_APPICON_NAME = AppIcon;
				ASSETCATALOG_COMPILER_GLOBAL_ACCENT_COLOR_NAME = AccentColor;
				COMBINE_HIDPI_IMAGES = YES;
				CURRENT_PROJECT_VERSION = 18;
				INFOPLIST_FILE = App/Info.plist;
				LD_RUNPATH_SEARCH_PATHS = (
					"$(inherited)",
					"@executable_path/../Frameworks",
				);
				MARKETING_VERSION = 1.0;
				PRODUCT_BUNDLE_IDENTIFIER = org.scriptrunnerlab.app;
				PRODUCT_NAME = "$(TARGET_NAME)";
				SDKROOT = macosx;
				SWIFT_VERSION = 5.0;
			};
			name = Release;
		};
		E3FDAED3A32B7316AC38D440 /* Debug */ = {
			isa = XCBuildConfiguration;
			buildSettings = {
				ALWAYS_SEARCH_USER_PATHS = NO;
				CLANG_ANALYZER_NONNULL = YES;
				CLANG_ANALYZER_NUMBER_OBJECT_CONVERSION = YES_AGGRESSIVE;
				CLANG_CXX_LANGUAGE_STANDARD = "gnu++14";
				CLANG_CXX_LIBRARY = "libc++";
				CLANG_ENABLE_MODULES = YES;
				CLANG_ENABLE_OBJC_ARC = YES;
				CLANG_ENABLE_OBJC_WEAK = YES;
				CLANG_WARN_BLOCK_CAPTURE_AUTORELEASING = YES;
				CLANG_WARN_BOOL_CONVERSION = YES;
				CLANG_WARN_COMMA = YES;
				CLANG_WARN_CONSTANT_CONVERSION = YES;
				CLANG_WARN_DEPRECATED_OBJC_IMPLEMENTATIONS = YES;
				CLANG_WARN_DIRECT_OBJC_ISA_USAGE = YES_ERROR;
				CLANG_WARN_DOCUMENTATION_COMMENTS = YES;
				CLANG_WARN_EMPTY_BODY = YES;
				CLANG_WARN_ENUM_CONVERSION = YES;
				CLANG_WARN_INFINITE_RECURSION = YES;
				CLANG_WARN_INT_CONVERSION = YES;
				CLANG_WARN_NON_LITERAL_NULL_CONVERSION = YES;
				CLANG_WARN_OBJC_IMPLICIT_RETAIN_SELF = YES;
				CLANG_WARN_OBJC_LITERAL_CONVERSION = YES;
				CLANG_WARN_OBJC_ROOT_CLASS = YES_ERROR;
				CLANG_WARN_QUOTED_INCLUDE_IN_FRAMEWORK_HEADER = YES;
				CLANG_WARN_RANGE_LOOP_ANALYSIS = YES;
				CLANG_WARN_STRICT_PROTOTYPES = YES;
				CLANG_WARN_SUSPICIOUS_MOVE = YES;
				CLANG_WARN_UNGUARDED_AVAILABILITY = YES_AGGRESSIVE;
				CLANG_WARN_UNREACHABLE_CODE = YES;
				CLANG_WARN__DUPLICATE_METHOD_MATCH = YES;
				CODE_SIGN_IDENTITY = "-";
				COPY_PHASE_STRIP = NO;
				DEBUG_INFORMATION_FORMAT = dwarf;
				ENABLE_STRICT_OBJC_MSGSEND = YES;
				ENABLE_TESTABILITY = YES;
				GCC_C_LANGUAGE_STANDARD = gnu11;
				GCC_DYNAMIC_NO_PIC = NO;
				GCC_NO_COMMON_BLOCKS = YES;
				GCC_OPTIMIZATION_LEVEL = 0;
				GCC_PREPROCESSOR_DEFINITIONS = (
					"$(inherited)",
					"DEBUG=1",
				);
				GCC_WARN_64_TO_32_BIT_CONVERSION = YES;
				GCC_WARN_ABOUT_RETURN_TYPE = YES_ERROR;
				GCC_WARN_UNDECLARED_SELECTOR = YES;
				GCC_WARN_UNINITIALIZED_AUTOS = YES_AGGRESSIVE;
				GCC_WARN_UNUSED_FUNCTION = YES;
				GCC_WARN_UNUSED_VARIABLE = YES;
				MACOSX_DEPLOYMENT_TARGET = 15.0;
				MTL_ENABLE_DEBUG_INFO = INCLUDE_SOURCE;
				MTL_FAST_MATH = YES;
				ONLY_ACTIVE_ARCH = YES;
				PRODUCT_NAME = "$(TARGET_NAME)";
				SDKROOT = macosx;
				SWIFT_ACTIVE_COMPILATION_CONDITIONS = DEBUG;
				SWIFT_OPTIMIZATION_LEVEL = "-Onone";
				SWIFT_VERSION = 5.0;
			};
			name = Debug;
		};
		E7AB2D3394BBD1F613D46DEB /* Release */ = {
			isa = XCBuildConfiguration;
			buildSettings = {
				ALWAYS_SEARCH_USER_PATHS = NO;
				CLANG_ANALYZER_NONNULL = YES;
				CLANG_ANALYZER_NUMBER_OBJECT_CONVERSION = YES_AGGRESSIVE;
				CLANG_CXX_LANGUAGE_STANDARD = "gnu++14";
				CLANG_CXX_LIBRARY = "libc++";
				CLANG_ENABLE_MODULES = YES;
				CLANG_ENABLE_OBJC_ARC = YES;
				CLANG_ENABLE_OBJC_WEAK = YES;
				CLANG_WARN_BLOCK_CAPTURE_AUTORELEASING = YES;
				CLANG_WARN_BOOL_CONVERSION = YES;
				CLANG_WARN_COMMA = YES;
				CLANG_WARN_CONSTANT_CONVERSION = YES;
				CLANG_WARN_DEPRECATED_OBJC_IMPLEMENTATIONS = YES;
				CLANG_WARN_DIRECT_OBJC_ISA_USAGE = YES_ERROR;
				CLANG_WARN_DOCUMENTATION_COMMENTS = YES;
				CLANG_WARN_EMPTY_BODY = YES;
				CLANG_WARN_ENUM_CONVERSION = YES;
				CLANG_WARN_INFINITE_RECURSION = YES;
				CLANG_WARN_INT_CONVERSION = YES;
				CLANG_WARN_NON_LITERAL_NULL_CONVERSION = YES;
				CLANG_WARN_OBJC_IMPLICIT_RETAIN_SELF = YES;
				CLANG_WARN_OBJC_LITERAL_CONVERSION = YES;
				CLANG_WARN_OBJC_ROOT_CLASS = YES_ERROR;
				CLANG_WARN_QUOTED_INCLUDE_IN_FRAMEWORK_HEADER = YES;
				CLANG_WARN_RANGE_LOOP_ANALYSIS = YES;
				CLANG_WARN_STRICT_PROTOTYPES = YES;
				CLANG_WARN_SUSPICIOUS_MOVE = YES;
				CLANG_WARN_UNGUARDED_AVAILABILITY = YES_AGGRESSIVE;
				CLANG_WARN_UNREACHABLE_CODE = YES;
				CLANG_WARN__DUPLICATE_METHOD_MATCH = YES;
				CODE_SIGN_IDENTITY = "-";
				COPY_PHASE_STRIP = NO;
				DEBUG_INFORMATION_FORMAT = "dwarf-with-dsym";
				ENABLE_NS_ASSERTIONS = NO;
				ENABLE_STRICT_OBJC_MSGSEND = YES;
				GCC_C_LANGUAGE_STANDARD = gnu11;
				GCC_NO_COMMON_BLOCKS = YES;
				GCC_WARN_64_TO_32_BIT_CONVERSION = YES;
				GCC_WARN_ABOUT_RETURN_TYPE = YES_ERROR;
				GCC_WARN_UNDECLARED_SELECTOR = YES;
				GCC_WARN_UNINITIALIZED_AUTOS = YES_AGGRESSIVE;
				GCC_WARN_UNUSED_FUNCTION = YES;
				GCC_WARN_UNUSED_VARIABLE = YES;
				MACOSX_DEPLOYMENT_TARGET = 15.0;
				MTL_ENABLE_DEBUG_INFO = NO;
				MTL_FAST_MATH = YES;
				PRODUCT_NAME = "$(TARGET_NAME)";
				SDKROOT = macosx;
				SWIFT_COMPILATION_MODE = wholemodule;
				SWIFT_OPTIMIZATION_LEVEL = "-O";
				SWIFT_VERSION = 5.0;
			};
			name = Release;
		};
/* End XCBuildConfiguration section */

/* Begin XCConfigurationList section */
		07FA72AAD2C8B05ECA2CE424 /* Build configuration list for PBXNativeTarget "ScriptRunnerLabHelper" */ = {
			isa = XCConfigurationList;
			buildConfigurations = (
				B2FC5693AC5F6A249CCB0540 /* Debug */,
				A5B14DBF9A96890C694FCD02 /* Release */,
			);
			defaultConfigurationIsVisible = 0;
			defaultConfigurationName = Debug;
		};
		8510E7EF9823674DEE489AD0 /* Build configuration list for PBXProject "ScriptRunnerLab" */ = {
			isa = XCConfigurationList;
			buildConfigurations = (
				E3FDAED3A32B7316AC38D440 /* Debug */,
				E7AB2D3394BBD1F613D46DEB /* Release */,
			);
			defaultConfigurationIsVisible = 0;
			defaultConfigurationName = Debug;
		};
		D7D8DA8CE4AD6C817761E8CC /* Build configuration list for PBXNativeTarget "ScriptRunnerLab" */ = {
			isa = XCConfigurationList;
			buildConfigurations = (
				B21D26AA56E8B9D9AA6A5611 /* Debug */,
				C15B742A0A6F232F123C3A5B /* Release */,
			);
			defaultConfigurationIsVisible = 0;
			defaultConfigurationName = Debug;
		};
/* End XCConfigurationList section */

/* Begin XCLocalSwiftPackageReference section */
		29B8F786F0A43EAC6055E03B /* XCLocalSwiftPackageReference "Packages/ScriptRunnerKit" */ = {
			isa = XCLocalSwiftPackageReference;
			relativePath = Packages/ScriptRunnerKit;
		};
/* End XCLocalSwiftPackageReference section */

/* Begin XCSwiftPackageProductDependency section */
		599D69C9166FBAAA84D4B70E /* ScriptRunnerKit */ = {
			isa = XCSwiftPackageProductDependency;
			productName = ScriptRunnerKit;
		};
		BF48A79C10198CEC6172A061 /* ScriptRunnerKit */ = {
			isa = XCSwiftPackageProductDependency;
			productName = ScriptRunnerKit;
		};
/* End XCSwiftPackageProductDependency section */
	};
	rootObject = 623B72496C9862FD351FACB8 /* Project object */;
}
